<?xml version="1.0" encoding="utf-8"?>
<Project ToolsVersion="4.0" xmlns="http://schemas.microsoft.com/developer/msbuild/2003">
  <ItemGroup>
    <Filter Include="Source Files">
      <UniqueIdentifier>{4FC737F1-C7A5-4376-A066-2A32D752A2FF}</UniqueIdentifier>
      <Extensions>cpp;c;cc;cxx;def;odl;idl;hpj;bat;asm;asmx</Extensions>
    </Filter>
    <Filter Include="Header Files">
      <UniqueIdentifier>{93995380-89BD-4b04-88EB-625FBE52EBFB}</UniqueIdentifier>
      <Extensions>h;hh;hpp;hxx;hm;inl;inc;ipp;xsd</Extensions>
    </Filter>
    <Filter Include="Header Files\Enemy">
      <UniqueIdentifier>{f70ce694-da4e-42cd-9691-453b2e01794f}</UniqueIdentifier>
    </Filter>
    <Filter Include="Header Files\Entity Templates">
      <UniqueIdentifier>{acc61631-c195-42da-ae15-3bed44f1c7c6}</UniqueIdentifier>
    </Filter>
    <Filter Include="Header Files\Manager">
      <UniqueIdentifier>{a4f169ac-98f0-423c-a1d9-c7bff07de0cb}</UniqueIdentifier>
    </Filter>
    <Filter Include="Header Files\Entity Templates\Enemies">
      <UniqueIdentifier>{7a912ec5-ab50-41f6-9a11-d835ac239c21}</UniqueIdentifier>
    </Filter>
    <Filter Include="Header Files\Entity Templates\Bullets">
      <UniqueIdentifier>{0b4d77b6-e544-4410-a721-4822a10ca46e}</UniqueIdentifier>
    </Filter>
    <Filter Include="Source Files\Interfaces">
      <UniqueIdentifier>{297db953-6af0-49dc-9e66-1456fc29c408}</UniqueIdentifier>
    </Filter>
    <Filter Include="Header Files\Background">
      <UniqueIdentifier>{2f47d5c3-2eb5-4ecd-a74f-dd72d13d8a4e}</UniqueIdentifier>
    </Filter>
    <Filter Include="Header Files\Compilation Header">
      <UniqueIdentifier>{e1a30b7b-2309-4261-94ba-308b50b72eee}</UniqueIdentifier>
    </Filter>
    <Filter Include="Header Files\Scenes">
      <UniqueIdentifier>{dc1c59bf-b4f9-48fa-afed-e4a9a03dc10a}</UniqueIdentifier>
    </Filter>
    <Filter Include="Source Files\imgui">
      <UniqueIdentifier>{5bd73ef8-5ec3-428f-834b-eba0bd86bb74}</UniqueIdentifier>
    </Filter>
    <Filter Include="Header Files\ScreenEffects">
      <UniqueIdentifier>{0d0fb123-5a57-403e-abd8-e24ad885110a}</UniqueIdentifier>
    </Filter>
    <Filter Include="Header Files\Entity Templates\Player">
      <UniqueIdentifier>{d1e38e5b-3330-480c-b65a-75486ef26644}</UniqueIdentifier>
    </Filter>
    <Filter Include="Header Files\Scenes\Levels">
      <UniqueIdentifier>{fac1d77c-29ae-4aec-a2f5-b314ff21e021}</UniqueIdentifier>
    </Filter>
    <Filter Include="Source Files\main">
      <UniqueIdentifier>{6b3a7577-d869-479f-83a9-47ad49cf7086}</UniqueIdentifier>
    </Filter>
  </ItemGroup>
  <ItemGroup>
    <ClCompile Include="ApplicationInformation.cpp">
      <Filter>Source Files</Filter>
    </ClCompile>
    <ClCompile Include="IOReading.cpp">
      <Filter>Source Files</Filter>
    </ClCompile>
    <ClCompile Include="FilePath.cpp">
      <Filter>Source Files</Filter>
    </ClCompile>
    <ClCompile Include="PlayerCharacter.cpp">
      <Filter>Source Files</Filter>
    </ClCompile>
    <ClCompile Include="Entity.cpp">
      <Filter>Header Files\Entity Templates</Filter>
    </ClCompile>
    <ClCompile Include="MoveEntity.cpp">
      <Filter>Header Files\Entity Templates</Filter>
    </ClCompile>
    <ClCompile Include="CollisionEntity.cpp">
      <Filter>Header Files\Entity Templates</Filter>
    </ClCompile>
    <ClCompile Include="HealthEntity.cpp">
      <Filter>Header Files\Entity Templates</Filter>
    </ClCompile>
    <ClCompile Include="GameManager.cpp">
      <Filter>Header Files\Manager</Filter>
    </ClCompile>
    <ClCompile Include="InputManager.cpp">
      <Filter>Header Files\Manager</Filter>
    </ClCompile>
    <ClCompile Include="SaveGameManager.cpp">
      <Filter>Header Files\Manager</Filter>
    </ClCompile>
    <ClCompile Include="AudioManager.cpp">
      <Filter>Header Files\Manager</Filter>
    </ClCompile>
    <ClCompile Include="AssetManager.cpp">
      <Filter>Header Files\Manager</Filter>
    </ClCompile>
    <ClCompile Include="Enemy.cpp">
      <Filter>Header Files\Entity Templates\Enemies</Filter>
    </ClCompile>
    <ClCompile Include="Bullet.cpp">
      <Filter>Header Files\Entity Templates\Bullets</Filter>
    </ClCompile>
    <ClCompile Include="SceneManager.cpp">
      <Filter>Header Files\Manager</Filter>
    </ClCompile>
    <ClCompile Include="imgui.cpp">
      <Filter>Source Files\imgui</Filter>
    </ClCompile>
    <ClCompile Include="imgui_demo.cpp">
      <Filter>Source Files\imgui</Filter>
    </ClCompile>
    <ClCompile Include="imgui_draw.cpp">
      <Filter>Source Files\imgui</Filter>
    </ClCompile>
    <ClCompile Include="imgui_tables.cpp">
      <Filter>Source Files\imgui</Filter>
    </ClCompile>
    <ClCompile Include="imgui_widgets.cpp">
      <Filter>Source Files\imgui</Filter>
    </ClCompile>
    <ClCompile Include="imgui-SFML.cpp">
      <Filter>Source Files\imgui</Filter>
    </ClCompile>
    <ClCompile Include="AcceleratedBullet.cpp">
      <Filter>Header Files\Entity Templates\Bullets</Filter>
    </ClCompile>
    <ClCompile Include="Scene.cpp">
      <Filter>Header Files\Scenes</Filter>
    </ClCompile>
    <ClCompile Include="Level01.cpp">
      <Filter>Header Files\Scenes\Levels</Filter>
    </ClCompile>
    <ClCompile Include="BouncyBullet.cpp">
      <Filter>Header Files\Entity Templates\Bullets</Filter>
    </ClCompile>
    <ClCompile Include="ScreenFade.cpp">
      <Filter>Header Files\ScreenEffects</Filter>
    </ClCompile>
    <ClCompile Include="main.cpp">
      <Filter>Source Files\main</Filter>
    </ClCompile>
    <ClCompile Include="ScrollingBackground.cpp">
      <Filter>Header Files\Background</Filter>
    </ClCompile>
    <ClCompile Include="PlayerBullet.cpp">
      <Filter>Source Files</Filter>
    </ClCompile>
    <ClCompile Include="PlayerGui.cpp">
      <Filter>Source Files</Filter>
    </ClCompile>
  </ItemGroup>
  <ItemGroup>
    <ClInclude Include="json.hpp">
      <Filter>Header Files</Filter>
    </ClInclude>
    <ClInclude Include="ApplicationInformation.h">
      <Filter>Header Files</Filter>
    </ClInclude>
    <ClInclude Include="IOReading.h">
      <Filter>Header Files</Filter>
    </ClInclude>
    <ClInclude Include="FilePath.h">
      <Filter>Header Files</Filter>
    </ClInclude>
    <ClInclude Include="TextureManager.h">
      <Filter>Header Files</Filter>
    </ClInclude>
    <ClInclude Include="Entity.h">
      <Filter>Header Files\Entity Templates</Filter>
    </ClInclude>
    <ClInclude Include="MoveEntity.h">
      <Filter>Header Files\Entity Templates</Filter>
    </ClInclude>
    <ClInclude Include="CollisionEntity.h">
      <Filter>Header Files\Entity Templates</Filter>
    </ClInclude>
    <ClInclude Include="HealthEntity.h">
      <Filter>Header Files\Entity Templates</Filter>
    </ClInclude>
    <ClInclude Include="GameManager.h">
      <Filter>Header Files\Manager</Filter>
    </ClInclude>
    <ClInclude Include="InputManager.h">
      <Filter>Header Files\Manager</Filter>
    </ClInclude>
    <ClInclude Include="SaveGameManager.h">
      <Filter>Header Files\Manager</Filter>
    </ClInclude>
    <ClInclude Include="AssetManager.h">
      <Filter>Header Files\Manager</Filter>
    </ClInclude>
    <ClInclude Include="Enemy.h">
      <Filter>Header Files\Entity Templates\Enemies</Filter>
    </ClInclude>
    <ClInclude Include="Bullet.h">
      <Filter>Header Files\Entity Templates\Bullets</Filter>
    </ClInclude>
    <ClInclude Include="IManager.h">
      <Filter>Source Files\Interfaces</Filter>
    </ClInclude>
    <ClInclude Include="IUpdate.h">
      <Filter>Source Files\Interfaces</Filter>
    </ClInclude>
    <ClInclude Include="IPlayerCharacter.h">
      <Filter>Source Files\Interfaces</Filter>
    </ClInclude>
    <ClInclude Include="ScrollingBackground.h">
      <Filter>Header Files\Background</Filter>
    </ClInclude>
    <ClInclude Include="CompHeader.h">
      <Filter>Header Files\Compilation Header</Filter>
    </ClInclude>
    <ClInclude Include="SceneManager.h">
      <Filter>Header Files\Manager</Filter>
    </ClInclude>
    <ClInclude Include="Scene.h">
      <Filter>Header Files\Scenes</Filter>
    </ClInclude>
    <ClInclude Include="EntityEnums.h">
      <Filter>Header Files\Compilation Header</Filter>
    </ClInclude>
    <ClInclude Include="imgui.h">
      <Filter>Source Files\imgui</Filter>
    </ClInclude>
    <ClInclude Include="imgui_internal.h">
      <Filter>Source Files\imgui</Filter>
    </ClInclude>
    <ClInclude Include="imgui-SFML.h">
      <Filter>Source Files\imgui</Filter>
    </ClInclude>
    <ClInclude Include="imgui-SFML_export.h">
      <Filter>Source Files\imgui</Filter>
    </ClInclude>
    <ClInclude Include="AcceleratedBullet.h">
      <Filter>Header Files\Entity Templates\Bullets</Filter>
    </ClInclude>
    <ClInclude Include="ScreenFade.h">
      <Filter>Header Files\ScreenEffects</Filter>
    </ClInclude>
    <ClInclude Include="Overlay.h">
      <Filter>Header Files\ScreenEffects</Filter>
    </ClInclude>
    <ClInclude Include="PlayerCharacter.h">
      <Filter>Header Files\Entity Templates\Player</Filter>
    </ClInclude>
    <ClInclude Include="Level01.h">
      <Filter>Header Files\Scenes\Levels</Filter>
    </ClInclude>
    <ClInclude Include="BouncyBullet.h">
      <Filter>Header Files\Entity Templates\Bullets</Filter>
    </ClInclude>
    <ClInclude Include="PlayerBullet.h">
      <Filter>Header Files\Entity Templates\Bullets</Filter>
    </ClInclude>
    <ClInclude Include="AudioManager.h">
      <Filter>Header Files\Manager</Filter>
    </ClInclude>
    <ClInclude Include="PlayerGui.h">
      <Filter>Header Files</Filter>
    </ClInclude>
  </ItemGroup>
</Project>